{
	"name": "sample",
	"lockfileVersion": 2,
	"requires": true,
	"packages": {
		"": {
			"name": "sample",
			"hasInstallScript": true,
			"dependencies": {
				"@desk-framework/frame-core": "next",
				"@desk-framework/frame-web": "next"
			}
		},
		"node_modules/@desk-framework/frame-core": {
			"version": "4.0.0-dev7",
			"resolved": "https://registry.npmjs.org/@desk-framework/frame-core/-/frame-core-4.0.0-dev7.tgz",
			"integrity": "sha512-eTptfNTPYmUC0o2KciZ3ZglmrLUhX4/Gq5NvJy9FmDzz08fLmUNHTyrtfhW2MZ+r1aIyM+SAv8rgBFqH9AXXnQ==",
			"dependencies": {
				"tslib": "^2.6.2"
			}
		},
		"node_modules/@desk-framework/frame-web": {
			"version": "4.0.0-dev7",
			"resolved": "https://registry.npmjs.org/@desk-framework/frame-web/-/frame-web-4.0.0-dev7.tgz",
			"integrity": "sha512-fwHxI6N3PBLTQ1efbw41WuOsVsCp0/5Hte+rbDD/IXWO3yPXDIa4zvvR2KEhHg8IckuLpUDEwoz6HSoakTE8tw==",
			"dependencies": {
				"tslib": "^2.6.2"
			},
			"peerDependencies": {
				"@desk-framework/frame-core": "next"
			}
		},
		"node_modules/tslib": {
			"version": "2.6.2",
			"resolved": "https://registry.npmjs.org/tslib/-/tslib-2.6.2.tgz",
			"integrity": "sha512-AEYxH93jGFPn/a2iVAwW87VuUIkR1FVUKB77NwMF7nBTDkDrrT/Hpt/IrCJ0QXhW27jTBDcf5ZY7w6RiqTMw2Q=="
		}
	},
	"dependencies": {
		"@desk-framework/frame-core": {
			"version": "4.0.0-dev7",
			"resolved": "https://registry.npmjs.org/@desk-framework/frame-core/-/frame-core-4.0.0-dev7.tgz",
			"integrity": "sha512-eTptfNTPYmUC0o2KciZ3ZglmrLUhX4/Gq5NvJy9FmDzz08fLmUNHTyrtfhW2MZ+r1aIyM+SAv8rgBFqH9AXXnQ==",
			"requires": {
				"tslib": "^2.6.2"
			}
		},
		"@desk-framework/frame-web": {
			"version": "4.0.0-dev7",
			"resolved": "https://registry.npmjs.org/@desk-framework/frame-web/-/frame-web-4.0.0-dev7.tgz",
			"integrity": "sha512-fwHxI6N3PBLTQ1efbw41WuOsVsCp0/5Hte+rbDD/IXWO3yPXDIa4zvvR2KEhHg8IckuLpUDEwoz6HSoakTE8tw==",
			"requires": {
				"tslib": "^2.6.2"
			}
		},
		"tslib": {
			"version": "2.6.2",
			"resolved": "https://registry.npmjs.org/tslib/-/tslib-2.6.2.tgz",
			"integrity": "sha512-AEYxH93jGFPn/a2iVAwW87VuUIkR1FVUKB77NwMF7nBTDkDrrT/Hpt/IrCJ0QXhW27jTBDcf5ZY7w6RiqTMw2Q=="
		}
	}
}
