{
	"name": "sample",
	"lockfileVersion": 2,
	"requires": true,
	"packages": {
		"": {
			"name": "sample",
			"hasInstallScript": true,
			"dependencies": {
				"@desk-framework/frame-core": "next",
				"@desk-framework/frame-web": "next"
			}
		},
		"node_modules/@desk-framework/frame-core": {
			"version": "4.0.0-dev.14",
			"resolved": "https://registry.npmjs.org/@desk-framework/frame-core/-/frame-core-4.0.0-dev.14.tgz",
			"integrity": "sha512-ia+UZr8jIlK/PBn0YnTh+9T3GXu2Im8EKi1ojKQMu8BVsLCPo1J+ZKeYhu1pz4hhbKkLNMTPnB8FQochremHqw==",
			"dependencies": {
				"tslib": "^2.6.2"
			}
		},
		"node_modules/@desk-framework/frame-web": {
			"version": "4.0.0-dev.14",
			"resolved": "https://registry.npmjs.org/@desk-framework/frame-web/-/frame-web-4.0.0-dev.14.tgz",
			"integrity": "sha512-ZkG7YEmG/SWyPErpD+nBuXgd846q86Dswk3L30/KTrkun3PvsuiJI/u/UpMXW0r5MpLMoxD/Fg/4wKLqfzXcHg==",
			"dependencies": {
				"tslib": "^2.6.2"
			},
			"peerDependencies": {
				"@desk-framework/frame-core": "4.0.0-dev.14"
			}
		},
		"node_modules/tslib": {
			"version": "2.6.2",
			"resolved": "https://registry.npmjs.org/tslib/-/tslib-2.6.2.tgz",
			"integrity": "sha512-AEYxH93jGFPn/a2iVAwW87VuUIkR1FVUKB77NwMF7nBTDkDrrT/Hpt/IrCJ0QXhW27jTBDcf5ZY7w6RiqTMw2Q=="
		}
	},
	"dependencies": {
		"@desk-framework/frame-core": {
			"version": "4.0.0-dev.14",
			"resolved": "https://registry.npmjs.org/@desk-framework/frame-core/-/frame-core-4.0.0-dev.14.tgz",
			"integrity": "sha512-ia+UZr8jIlK/PBn0YnTh+9T3GXu2Im8EKi1ojKQMu8BVsLCPo1J+ZKeYhu1pz4hhbKkLNMTPnB8FQochremHqw==",
			"requires": {
				"tslib": "^2.6.2"
			}
		},
		"@desk-framework/frame-web": {
			"version": "4.0.0-dev.14",
			"resolved": "https://registry.npmjs.org/@desk-framework/frame-web/-/frame-web-4.0.0-dev.14.tgz",
			"integrity": "sha512-ZkG7YEmG/SWyPErpD+nBuXgd846q86Dswk3L30/KTrkun3PvsuiJI/u/UpMXW0r5MpLMoxD/Fg/4wKLqfzXcHg==",
			"requires": {
				"tslib": "^2.6.2"
			}
		},
		"tslib": {
			"version": "2.6.2",
			"resolved": "https://registry.npmjs.org/tslib/-/tslib-2.6.2.tgz",
			"integrity": "sha512-AEYxH93jGFPn/a2iVAwW87VuUIkR1FVUKB77NwMF7nBTDkDrrT/Hpt/IrCJ0QXhW27jTBDcf5ZY7w6RiqTMw2Q=="
		}
	}
}
