{
	"name": "sample",
	"lockfileVersion": 2,
	"requires": true,
	"packages": {
		"": {
			"name": "sample",
			"hasInstallScript": true,
			"dependencies": {
				"@desk-framework/frame-core": "next",
				"@desk-framework/frame-web": "next"
			}
		},
		"node_modules/@desk-framework/frame-core": {
			"version": "4.0.0-dev.9",
			"resolved": "https://registry.npmjs.org/@desk-framework/frame-core/-/frame-core-4.0.0-dev.9.tgz",
			"integrity": "sha512-WnFA0mbl1KGTJ26KwpTpzPPPHUdUDE6VfmxcU3UwPzOrSWR0MxN/vzGLsFqudQJXfH8pTruM2DNtPkMhFpgS4g==",
			"dependencies": {
				"tslib": "^2.6.2"
			}
		},
		"node_modules/@desk-framework/frame-web": {
			"version": "4.0.0-dev.9",
			"resolved": "https://registry.npmjs.org/@desk-framework/frame-web/-/frame-web-4.0.0-dev.9.tgz",
			"integrity": "sha512-PhgY+5jwp0mYpFabXQYHbES8V+exazv5kUXu/XqolPTkIoXc9zQ5TlFfcY//OlIgeI6jZ0nYvXlT5dCaYNvBdA==",
			"dependencies": {
				"tslib": "^2.6.2"
			},
			"peerDependencies": {
				"@desk-framework/frame-core": "4.0.0-dev.9"
			}
		},
		"node_modules/tslib": {
			"version": "2.6.2",
			"resolved": "https://registry.npmjs.org/tslib/-/tslib-2.6.2.tgz",
			"integrity": "sha512-AEYxH93jGFPn/a2iVAwW87VuUIkR1FVUKB77NwMF7nBTDkDrrT/Hpt/IrCJ0QXhW27jTBDcf5ZY7w6RiqTMw2Q=="
		}
	},
	"dependencies": {
		"@desk-framework/frame-core": {
			"version": "4.0.0-dev.9",
			"resolved": "https://registry.npmjs.org/@desk-framework/frame-core/-/frame-core-4.0.0-dev.9.tgz",
			"integrity": "sha512-WnFA0mbl1KGTJ26KwpTpzPPPHUdUDE6VfmxcU3UwPzOrSWR0MxN/vzGLsFqudQJXfH8pTruM2DNtPkMhFpgS4g==",
			"requires": {
				"tslib": "^2.6.2"
			}
		},
		"@desk-framework/frame-web": {
			"version": "4.0.0-dev.9",
			"resolved": "https://registry.npmjs.org/@desk-framework/frame-web/-/frame-web-4.0.0-dev.9.tgz",
			"integrity": "sha512-PhgY+5jwp0mYpFabXQYHbES8V+exazv5kUXu/XqolPTkIoXc9zQ5TlFfcY//OlIgeI6jZ0nYvXlT5dCaYNvBdA==",
			"requires": {
				"tslib": "^2.6.2"
			}
		},
		"tslib": {
			"version": "2.6.2",
			"resolved": "https://registry.npmjs.org/tslib/-/tslib-2.6.2.tgz",
			"integrity": "sha512-AEYxH93jGFPn/a2iVAwW87VuUIkR1FVUKB77NwMF7nBTDkDrrT/Hpt/IrCJ0QXhW27jTBDcf5ZY7w6RiqTMw2Q=="
		}
	}
}
