{
  "name": "sample",
  "lockfileVersion": 2,
  "requires": true,
  "packages": {
    "": {
      "name": "sample",
      "hasInstallScript": true,
      "dependencies": {
        "@desk-framework/webcontext": "next",
        "desk-frame": "next"
      }
    },
    "node_modules/@desk-framework/webcontext": {
      "version": "4.0.0-dev1",
      "resolved": "https://registry.npmjs.org/@desk-framework/webcontext/-/webcontext-4.0.0-dev1.tgz",
      "integrity": "sha512-mktS8axYL+KSNsver0WecOhGZtVujbvNDuIbNo1YR6M0B2RZLBd9I8pbjJ/xmEBlGw3Ks+vw1N/WN/JO66h8Ww==",
      "dependencies": {
        "desk-frame": "4.0.0-dev1",
        "tslib": "^2.6.2"
      }
    },
    "node_modules/desk-frame": {
      "version": "4.0.0-dev1",
      "resolved": "https://registry.npmjs.org/desk-frame/-/desk-frame-4.0.0-dev1.tgz",
      "integrity": "sha512-DY6bYrUtCt59M870TRLl6lpoDSZJNAkbk9ZGsxR6kmfXD4x1gi3frzHIBcmm+LZXQoYpTDf+bqyUmikpnqcb+Q==",
      "dependencies": {
        "tslib": "^2.6.2"
      }
    },
    "node_modules/tslib": {
      "version": "2.6.2",
      "resolved": "https://registry.npmjs.org/tslib/-/tslib-2.6.2.tgz",
      "integrity": "sha512-AEYxH93jGFPn/a2iVAwW87VuUIkR1FVUKB77NwMF7nBTDkDrrT/Hpt/IrCJ0QXhW27jTBDcf5ZY7w6RiqTMw2Q=="
    }
  },
  "dependencies": {
    "@desk-framework/webcontext": {
      "version": "4.0.0-dev1",
      "resolved": "https://registry.npmjs.org/@desk-framework/webcontext/-/webcontext-4.0.0-dev1.tgz",
      "integrity": "sha512-mktS8axYL+KSNsver0WecOhGZtVujbvNDuIbNo1YR6M0B2RZLBd9I8pbjJ/xmEBlGw3Ks+vw1N/WN/JO66h8Ww==",
      "requires": {
        "desk-frame": "4.0.0-dev1",
        "tslib": "^2.6.2"
      }
    },
    "desk-frame": {
      "version": "4.0.0-dev1",
      "resolved": "https://registry.npmjs.org/desk-frame/-/desk-frame-4.0.0-dev1.tgz",
      "integrity": "sha512-DY6bYrUtCt59M870TRLl6lpoDSZJNAkbk9ZGsxR6kmfXD4x1gi3frzHIBcmm+LZXQoYpTDf+bqyUmikpnqcb+Q==",
      "requires": {
        "tslib": "^2.6.2"
      }
    },
    "tslib": {
      "version": "2.6.2",
      "resolved": "https://registry.npmjs.org/tslib/-/tslib-2.6.2.tgz",
      "integrity": "sha512-AEYxH93jGFPn/a2iVAwW87VuUIkR1FVUKB77NwMF7nBTDkDrrT/Hpt/IrCJ0QXhW27jTBDcf5ZY7w6RiqTMw2Q=="
    }
  }
}
