{
	"name": "sample",
	"lockfileVersion": 2,
	"requires": true,
	"packages": {
		"": {
			"name": "sample",
			"hasInstallScript": true,
			"dependencies": {
				"@desk-framework/frame-core": "next",
				"@desk-framework/frame-web": "next"
			}
		},
		"node_modules/@desk-framework/frame-core": {
			"version": "4.0.0-dev6",
			"resolved": "https://registry.npmjs.org/@desk-framework/frame-core/-/frame-core-4.0.0-dev6.tgz",
			"integrity": "sha512-WJ+SxWXrI9IHh8C8EnJq6nhVhVlUXS5sbq2h/9KerPCAysbmlruA7iz4bKEoBiYTTDZaT6zRgNasqZEDFLKRIw==",
			"dependencies": {
				"tslib": "^2.6.2"
			}
		},
		"node_modules/@desk-framework/frame-web": {
			"version": "4.0.0-dev6",
			"resolved": "https://registry.npmjs.org/@desk-framework/frame-web/-/frame-web-4.0.0-dev6.tgz",
			"integrity": "sha512-RlxEoMrkkQ3x290woZT/H237e8ogjYa1G3U1WRelU4Mym2a8ZzhR+lTYWH5JDNZxso1bZ2JnwAub/V3QLKeGaA==",
			"dependencies": {
				"tslib": "^2.6.2"
			},
			"peerDependencies": {
				"@desk-framework/frame-core": "next"
			}
		},
		"node_modules/tslib": {
			"version": "2.6.2",
			"resolved": "https://registry.npmjs.org/tslib/-/tslib-2.6.2.tgz",
			"integrity": "sha512-AEYxH93jGFPn/a2iVAwW87VuUIkR1FVUKB77NwMF7nBTDkDrrT/Hpt/IrCJ0QXhW27jTBDcf5ZY7w6RiqTMw2Q=="
		}
	},
	"dependencies": {
		"@desk-framework/frame-core": {
			"version": "4.0.0-dev6",
			"resolved": "https://registry.npmjs.org/@desk-framework/frame-core/-/frame-core-4.0.0-dev6.tgz",
			"integrity": "sha512-WJ+SxWXrI9IHh8C8EnJq6nhVhVlUXS5sbq2h/9KerPCAysbmlruA7iz4bKEoBiYTTDZaT6zRgNasqZEDFLKRIw==",
			"requires": {
				"tslib": "^2.6.2"
			}
		},
		"@desk-framework/frame-web": {
			"version": "4.0.0-dev6",
			"resolved": "https://registry.npmjs.org/@desk-framework/frame-web/-/frame-web-4.0.0-dev6.tgz",
			"integrity": "sha512-RlxEoMrkkQ3x290woZT/H237e8ogjYa1G3U1WRelU4Mym2a8ZzhR+lTYWH5JDNZxso1bZ2JnwAub/V3QLKeGaA==",
			"requires": {
				"tslib": "^2.6.2"
			}
		},
		"tslib": {
			"version": "2.6.2",
			"resolved": "https://registry.npmjs.org/tslib/-/tslib-2.6.2.tgz",
			"integrity": "sha512-AEYxH93jGFPn/a2iVAwW87VuUIkR1FVUKB77NwMF7nBTDkDrrT/Hpt/IrCJ0QXhW27jTBDcf5ZY7w6RiqTMw2Q=="
		}
	}
}
